// !$*UTF8*$!
{
	archiveVersion = 1;
	classes = {
	};
	objectVersion = 55;
	objects = {

/* Begin PBXBuildFile section */
		8426098B2755685E00C5D569 /* Restaurant.swift in Sources */ = {isa = PBXBuildFile; fileRef = 8426098A2755685E00C5D569 /* Restaurant.swift */; };
		8426098D275568EE00C5D569 /* Table.swift in Sources */ = {isa = PBXBuildFile; fileRef = 8426098C275568EE00C5D569 /* Table.swift */; };
		842D9EC5275822B000FF0D58 /* Reservation.swift in Sources */ = {isa = PBXBuildFile; fileRef = 842D9EC4275822B000FF0D58 /* Reservation.swift */; };
		842D9EC72758245C00FF0D58 /* User.swift in Sources */ = {isa = PBXBuildFile; fileRef = 842D9EC62758245C00FF0D58 /* User.swift */; };
		842D9EC9275826FF00FF0D58 /* TablesViewController.swift in Sources */ = {isa = PBXBuildFile; fileRef = 842D9EC8275826FF00FF0D58 /* TablesViewController.swift */; };
		842D9ECD2758277200FF0D58 /* TableViewCell.swift in Sources */ = {isa = PBXBuildFile; fileRef = 842D9ECC2758277200FF0D58 /* TableViewCell.swift */; };
		845563882758460600AD8F4B /* LoginViewController.swift in Sources */ = {isa = PBXBuildFile; fileRef = 845563872758460600AD8F4B /* LoginViewController.swift */; };
		84D06672274FBFD7008DC8C4 /* AppDelegate.swift in Sources */ = {isa = PBXBuildFile; fileRef = 84D06671274FBFD7008DC8C4 /* AppDelegate.swift */; };
		84D06674274FBFD7008DC8C4 /* SceneDelegate.swift in Sources */ = {isa = PBXBuildFile; fileRef = 84D06673274FBFD7008DC8C4 /* SceneDelegate.swift */; };
		84D06676274FBFD7008DC8C4 /* RestaurantsViewController.swift in Sources */ = {isa = PBXBuildFile; fileRef = 84D06675274FBFD7008DC8C4 /* RestaurantsViewController.swift */; };
		84D0667B274FBFD9008DC8C4 /* Assets.xcassets in Resources */ = {isa = PBXBuildFile; fileRef = 84D0667A274FBFD9008DC8C4 /* Assets.xcassets */; };
		84D0667E274FBFD9008DC8C4 /* LaunchScreen.storyboard in Resources */ = {isa = PBXBuildFile; fileRef = 84D0667C274FBFD9008DC8C4 /* LaunchScreen.storyboard */; };
/* End PBXBuildFile section */

/* Begin PBXFileReference section */
		8426098A2755685E00C5D569 /* Restaurant.swift */ = {isa = PBXFileReference; lastKnownFileType = sourcecode.swift; path = Restaurant.swift; sourceTree = "<group>"; };
		8426098C275568EE00C5D569 /* Table.swift */ = {isa = PBXFileReference; lastKnownFileType = sourcecode.swift; path = Table.swift; sourceTree = "<group>"; };
		842D9EC4275822B000FF0D58 /* Reservation.swift */ = {isa = PBXFileReference; lastKnownFileType = sourcecode.swift; path = Reservation.swift; sourceTree = "<group>"; };
		842D9EC62758245C00FF0D58 /* User.swift */ = {isa = PBXFileReference; lastKnownFileType = sourcecode.swift; path = User.swift; sourceTree = "<group>"; };
		842D9EC8275826FF00FF0D58 /* TablesViewController.swift */ = {isa = PBXFileReference; lastKnownFileType = sourcecode.swift; path = TablesViewController.swift; sourceTree = "<group>"; };
		842D9ECC2758277200FF0D58 /* TableViewCell.swift */ = {isa = PBXFileReference; lastKnownFileType = sourcecode.swift; path = TableViewCell.swift; sourceTree = "<group>"; };
		845563872758460600AD8F4B /* LoginViewController.swift */ = {isa = PBXFileReference; lastKnownFileType = sourcecode.swift; path = LoginViewController.swift; sourceTree = "<group>"; };
		84D0666E274FBFD7008DC8C4 /* BoringBookingClient.app */ = {isa = PBXFileReference; explicitFileType = wrapper.application; includeInIndex = 0; path = BoringBookingClient.app; sourceTree = BUILT_PRODUCTS_DIR; };
		84D06671274FBFD7008DC8C4 /* AppDelegate.swift */ = {isa = PBXFileReference; lastKnownFileType = sourcecode.swift; path = AppDelegate.swift; sourceTree = "<group>"; };
		84D06673274FBFD7008DC8C4 /* SceneDelegate.swift */ = {isa = PBXFileReference; lastKnownFileType = sourcecode.swift; path = SceneDelegate.swift; sourceTree = "<group>"; };
		84D06675274FBFD7008DC8C4 /* RestaurantsViewController.swift */ = {isa = PBXFileReference; lastKnownFileType = sourcecode.swift; path = RestaurantsViewController.swift; sourceTree = "<group>"; };
		84D0667A274FBFD9008DC8C4 /* Assets.xcassets */ = {isa = PBXFileReference; lastKnownFileType = folder.assetcatalog; path = Assets.xcassets; sourceTree = "<group>"; };
		84D0667D274FBFD9008DC8C4 /* Base */ = {isa = PBXFileReference; lastKnownFileType = file.storyboard; name = Base; path = Base.lproj/LaunchScreen.storyboard; sourceTree = "<group>"; };
		84D0667F274FBFD9008DC8C4 /* Info.plist */ = {isa = PBXFileReference; lastKnownFileType = text.plist.xml; path = Info.plist; sourceTree = "<group>"; };
/* End PBXFileReference section */

/* Begin PBXFrameworksBuildPhase section */
		84D0666B274FBFD7008DC8C4 /* Frameworks */ = {
			isa = PBXFrameworksBuildPhase;
			buildActionMask = 2147483647;
			files = (
			);
			runOnlyForDeploymentPostprocessing = 0;
		};
/* End PBXFrameworksBuildPhase section */

/* Begin PBXGroup section */
		842609872755673D00C5D569 /* Data */ = {
			isa = PBXGroup;
			children = (
				8426098A2755685E00C5D569 /* Restaurant.swift */,
				8426098C275568EE00C5D569 /* Table.swift */,
				842D9EC4275822B000FF0D58 /* Reservation.swift */,
				842D9EC62758245C00FF0D58 /* User.swift */,
			);
			path = Data;
			sourceTree = "<group>";
		};
		842D9ECA2758274900FF0D58 /* ViewControllers */ = {
			isa = PBXGroup;
			children = (
				842D9ECB2758276000FF0D58 /* Common */,
				84D06675274FBFD7008DC8C4 /* RestaurantsViewController.swift */,
				842D9EC8275826FF00FF0D58 /* TablesViewController.swift */,
				845563872758460600AD8F4B /* LoginViewController.swift */,
			);
			path = ViewControllers;
			sourceTree = "<group>";
		};
		842D9ECB2758276000FF0D58 /* Common */ = {
			isa = PBXGroup;
			children = (
				842D9ECC2758277200FF0D58 /* TableViewCell.swift */,
			);
			path = Common;
			sourceTree = "<group>";
		};
		84D06665274FBFD7008DC8C4 = {
			isa = PBXGroup;
			children = (
				84D06670274FBFD7008DC8C4 /* BoringBookingClient */,
				84D0666F274FBFD7008DC8C4 /* Products */,
			);
			sourceTree = "<group>";
		};
		84D0666F274FBFD7008DC8C4 /* Products */ = {
			isa = PBXGroup;
			children = (
				84D0666E274FBFD7008DC8C4 /* BoringBookingClient.app */,
			);
			name = Products;
			sourceTree = "<group>";
		};
		84D06670274FBFD7008DC8C4 /* BoringBookingClient */ = {
			isa = PBXGroup;
			children = (
				842D9ECA2758274900FF0D58 /* ViewControllers */,
				842609872755673D00C5D569 /* Data */,
				84D06671274FBFD7008DC8C4 /* AppDelegate.swift */,
				84D06673274FBFD7008DC8C4 /* SceneDelegate.swift */,
				84D0667A274FBFD9008DC8C4 /* Assets.xcassets */,
				84D0667C274FBFD9008DC8C4 /* LaunchScreen.storyboard */,
				84D0667F274FBFD9008DC8C4 /* Info.plist */,
			);
			path = BoringBookingClient;
			sourceTree = "<group>";
		};
/* End PBXGroup section */

/* Begin PBXNativeTarget section */
		84D0666D274FBFD7008DC8C4 /* BoringBookingClient */ = {
			isa = PBXNativeTarget;
			buildConfigurationList = 84D06682274FBFD9008DC8C4 /* Build configuration list for PBXNativeTarget "BoringBookingClient" */;
			buildPhases = (
				84D0666A274FBFD7008DC8C4 /* Sources */,
				84D0666B274FBFD7008DC8C4 /* Frameworks */,
				84D0666C274FBFD7008DC8C4 /* Resources */,
			);
			buildRules = (
			);
			dependencies = (
			);
			name = BoringBookingClient;
			productName = BoringBookingClient;
			productReference = 84D0666E274FBFD7008DC8C4 /* BoringBookingClient.app */;
			productType = "com.apple.product-type.application";
		};
/* End PBXNativeTarget section */

/* Begin PBXProject section */
		84D06666274FBFD7008DC8C4 /* Project object */ = {
			isa = PBXProject;
			attributes = {
				BuildIndependentTargetsInParallel = 1;
				LastSwiftUpdateCheck = 1310;
				LastUpgradeCheck = 1310;
				TargetAttributes = {
					84D0666D274FBFD7008DC8C4 = {
						CreatedOnToolsVersion = 13.1;
					};
				};
			};
			buildConfigurationList = 84D06669274FBFD7008DC8C4 /* Build configuration list for PBXProject "BoringBookingClient" */;
			compatibilityVersion = "Xcode 13.0";
			developmentRegion = en;
			hasScannedForEncodings = 0;
			knownRegions = (
				en,
				Base,
			);
			mainGroup = 84D06665274FBFD7008DC8C4;
			productRefGroup = 84D0666F274FBFD7008DC8C4 /* Products */;
			projectDirPath = "";
			projectRoot = "";
			targets = (
				84D0666D274FBFD7008DC8C4 /* BoringBookingClient */,
			);
		};
/* End PBXProject section */

/* Begin PBXResourcesBuildPhase section */
		84D0666C274FBFD7008DC8C4 /* Resources */ = {
			isa = PBXResourcesBuildPhase;
			buildActionMask = 2147483647;
			files = (
				84D0667E274FBFD9008DC8C4 /* LaunchScreen.storyboard in Resources */,
				84D0667B274FBFD9008DC8C4 /* Assets.xcassets in Resources */,
			);
			runOnlyForDeploymentPostprocessing = 0;
		};
/* End PBXResourcesBuildPhase section */

/* Begin PBXSourcesBuildPhase section */
		84D0666A274FBFD7008DC8C4 /* Sources */ = {
			isa = PBXSourcesBuildPhase;
			buildActionMask = 2147483647;
			files = (
				8426098D275568EE00C5D569 /* Table.swift in Sources */,
				8426098B2755685E00C5D569 /* Restaurant.swift in Sources */,
				842D9EC5275822B000FF0D58 /* Reservation.swift in Sources */,
				842D9ECD2758277200FF0D58 /* TableViewCell.swift in Sources */,
				84D06676274FBFD7008DC8C4 /* RestaurantsViewController.swift in Sources */,
				84D06672274FBFD7008DC8C4 /* AppDelegate.swift in Sources */,
				84D06674274FBFD7008DC8C4 /* SceneDelegate.swift in Sources */,
				842D9EC72758245C00FF0D58 /* User.swift in Sources */,
				845563882758460600AD8F4B /* LoginViewController.swift in Sources */,
				842D9EC9275826FF00FF0D58 /* TablesViewController.swift in Sources */,
			);
			runOnlyForDeploymentPostprocessing = 0;
		};
/* End PBXSourcesBuildPhase section */

/* Begin PBXVariantGroup section */
		84D0667C274FBFD9008DC8C4 /* LaunchScreen.storyboard */ = {
			isa = PBXVariantGroup;
			children = (
				84D0667D274FBFD9008DC8C4 /* Base */,
			);
			name = LaunchScreen.storyboard;
			sourceTree = "<group>";
		};
/* End PBXVariantGroup section */

/* Begin XCBuildConfiguration section */
		84D06680274FBFD9008DC8C4 /* Debug */ = {
			isa = XCBuildConfiguration;
			buildSettings = {
				ALWAYS_SEARCH_USER_PATHS = NO;
				CLANG_ANALYZER_NONNULL = YES;
				CLANG_ANALYZER_NUMBER_OBJECT_CONVERSION = YES_AGGRESSIVE;
				CLANG_CXX_LANGUAGE_STANDARD = "gnu++17";
				CLANG_CXX_LIBRARY = "libc++";
				CLANG_ENABLE_MODULES = YES;
				CLANG_ENABLE_OBJC_ARC = YES;
				CLANG_ENABLE_OBJC_WEAK = YES;
				CLANG_WARN_BLOCK_CAPTURE_AUTORELEASING = YES;
				CLANG_WARN_BOOL_CONVERSION = YES;
				CLANG_WARN_COMMA = YES;
				CLANG_WARN_CONSTANT_CONVERSION = YES;
				CLANG_WARN_DEPRECATED_OBJC_IMPLEMENTATIONS = YES;
				CLANG_WARN_DIRECT_OBJC_ISA_USAGE = YES_ERROR;
				CLANG_WARN_DOCUMENTATION_COMMENTS = YES;
				CLANG_WARN_EMPTY_BODY = YES;
				CLANG_WARN_ENUM_CONVERSION = YES;
				CLANG_WARN_INFINITE_RECURSION = YES;
				CLANG_WARN_INT_CONVERSION = YES;
				CLANG_WARN_NON_LITERAL_NULL_CONVERSION = YES;
				CLANG_WARN_OBJC_IMPLICIT_RETAIN_SELF = YES;
				CLANG_WARN_OBJC_LITERAL_CONVERSION = YES;
				CLANG_WARN_OBJC_ROOT_CLASS = YES_ERROR;
				CLANG_WARN_QUOTED_INCLUDE_IN_FRAMEWORK_HEADER = YES;
				CLANG_WARN_RANGE_LOOP_ANALYSIS = YES;
				CLANG_WARN_STRICT_PROTOTYPES = YES;
				CLANG_WARN_SUSPICIOUS_MOVE = YES;
				CLANG_WARN_UNGUARDED_AVAILABILITY = YES_AGGRESSIVE;
				CLANG_WARN_UNREACHABLE_CODE = YES;
				CLANG_WARN__DUPLICATE_METHOD_MATCH = YES;
				COPY_PHASE_STRIP = NO;
				DEBUG_INFORMATION_FORMAT = dwarf;
				ENABLE_STRICT_OBJC_MSGSEND = YES;
				ENABLE_TESTABILITY = YES;
				GCC_C_LANGUAGE_STANDARD = gnu11;
				GCC_DYNAMIC_NO_PIC = NO;
				GCC_NO_COMMON_BLOCKS = YES;
				GCC_OPTIMIZATION_LEVEL = 0;
				GCC_PREPROCESSOR_DEFINITIONS = (
					"DEBUG=1",
					"$(inherited)",
				);
				GCC_WARN_64_TO_32_BIT_CONVERSION = YES;
				GCC_WARN_ABOUT_RETURN_TYPE = YES_ERROR;
				GCC_WARN_UNDECLARED_SELECTOR = YES;
				GCC_WARN_UNINITIALIZED_AUTOS = YES_AGGRESSIVE;
				GCC_WARN_UNUSED_FUNCTION = YES;
				GCC_WARN_UNUSED_VARIABLE = YES;
				IPHONEOS_DEPLOYMENT_TARGET = 15.0;
				MTL_ENABLE_DEBUG_INFO = INCLUDE_SOURCE;
				MTL_FAST_MATH = YES;
				ONLY_ACTIVE_ARCH = YES;
				SDKROOT = iphoneos;
				SWIFT_ACTIVE_COMPILATION_CONDITIONS = DEBUG;
				SWIFT_OPTIMIZATION_LEVEL = "-Onone";
			};
			name = Debug;
		};
		84D06681274FBFD9008DC8C4 /* Release */ = {
			isa = XCBuildConfiguration;
			buildSettings = {
				ALWAYS_SEARCH_USER_PATHS = NO;
				CLANG_ANALYZER_NONNULL = YES;
				CLANG_ANALYZER_NUMBER_OBJECT_CONVERSION = YES_AGGRESSIVE;
				CLANG_CXX_LANGUAGE_STANDARD = "gnu++17";
				CLANG_CXX_LIBRARY = "libc++";
				CLANG_ENABLE_MODULES = YES;
				CLANG_ENABLE_OBJC_ARC = YES;
				CLANG_ENABLE_OBJC_WEAK = YES;
				CLANG_WARN_BLOCK_CAPTURE_AUTORELEASING = YES;
				CLANG_WARN_BOOL_CONVERSION = YES;
				CLANG_WARN_COMMA = YES;
				CLANG_WARN_CONSTANT_CONVERSION = YES;
				CLANG_WARN_DEPRECATED_OBJC_IMPLEMENTATIONS = YES;
				CLANG_WARN_DIRECT_OBJC_ISA_USAGE = YES_ERROR;
				CLANG_WARN_DOCUMENTATION_COMMENTS = YES;
				CLANG_WARN_EMPTY_BODY = YES;
				CLANG_WARN_ENUM_CONVERSION = YES;
				CLANG_WARN_INFINITE_RECURSION = YES;
				CLANG_WARN_INT_CONVERSION = YES;
				CLANG_WARN_NON_LITERAL_NULL_CONVERSION = YES;
				CLANG_WARN_OBJC_IMPLICIT_RETAIN_SELF = YES;
				CLANG_WARN_OBJC_LITERAL_CONVERSION = YES;
				CLANG_WARN_OBJC_ROOT_CLASS = YES_ERROR;
				CLANG_WARN_QUOTED_INCLUDE_IN_FRAMEWORK_HEADER = YES;
				CLANG_WARN_RANGE_LOOP_ANALYSIS = YES;
				CLANG_WARN_STRICT_PROTOTYPES = YES;
				CLANG_WARN_SUSPICIOUS_MOVE = YES;
				CLANG_WARN_UNGUARDED_AVAILABILITY = YES_AGGRESSIVE;
				CLANG_WARN_UNREACHABLE_CODE = YES;
				CLANG_WARN__DUPLICATE_METHOD_MATCH = YES;
				COPY_PHASE_STRIP = NO;
				DEBUG_INFORMATION_FORMAT = "dwarf-with-dsym";
				ENABLE_NS_ASSERTIONS = NO;
				ENABLE_STRICT_OBJC_MSGSEND = YES;
				GCC_C_LANGUAGE_STANDARD = gnu11;
				GCC_NO_COMMON_BLOCKS = YES;
				GCC_WARN_64_TO_32_BIT_CONVERSION = YES;
				GCC_WARN_ABOUT_RETURN_TYPE = YES_ERROR;
				GCC_WARN_UNDECLARED_SELECTOR = YES;
				GCC_WARN_UNINITIALIZED_AUTOS = YES_AGGRESSIVE;
				GCC_WARN_UNUSED_FUNCTION = YES;
				GCC_WARN_UNUSED_VARIABLE = YES;
				IPHONEOS_DEPLOYMENT_TARGET = 15.0;
				MTL_ENABLE_DEBUG_INFO = NO;
				MTL_FAST_MATH = YES;
				SDKROOT = iphoneos;
				SWIFT_COMPILATION_MODE = wholemodule;
				SWIFT_OPTIMIZATION_LEVEL = "-O";
				VALIDATE_PRODUCT = YES;
			};
			name = Release;
		};
		84D06683274FBFD9008DC8C4 /* Debug */ = {
			isa = XCBuildConfiguration;
			buildSettings = {
				ASSETCATALOG_COMPILER_APPICON_NAME = AppIcon;
				ASSETCATALOG_COMPILER_GLOBAL_ACCENT_COLOR_NAME = AccentColor;
				CODE_SIGN_STYLE = Automatic;
				CURRENT_PROJECT_VERSION = 1;
				DEVELOPMENT_TEAM = 3YVZQM7H8H;
				GENERATE_INFOPLIST_FILE = YES;
				INFOPLIST_FILE = BoringBookingClient/Info.plist;
				INFOPLIST_KEY_UIApplicationSupportsIndirectInputEvents = YES;
				INFOPLIST_KEY_UILaunchStoryboardName = LaunchScreen;
				INFOPLIST_KEY_UISupportedInterfaceOrientations_iPad = "UIInterfaceOrientationPortrait UIInterfaceOrientationPortraitUpsideDown UIInterfaceOrientationLandscapeLeft UIInterfaceOrientationLandscapeRight";
				INFOPLIST_KEY_UISupportedInterfaceOrientations_iPhone = "UIInterfaceOrientationPortrait UIInterfaceOrientationLandscapeLeft UIInterfaceOrientationLandscapeRight";
				LD_RUNPATH_SEARCH_PATHS = (
					"$(inherited)",
					"@executable_path/Frameworks",
				);
				MARKETING_VERSION = 1.0;
				PRODUCT_BUNDLE_IDENTIFIER = "Blagoi-Software.BoringBookingClient";
				PRODUCT_NAME = "$(TARGET_NAME)";
				SWIFT_EMIT_LOC_STRINGS = YES;
				SWIFT_VERSION = 5.0;
				TARGETED_DEVICE_FAMILY = "1,2";
			};
			name = Debug;
		};
		84D06684274FBFD9008DC8C4 /* Release */ = {
			isa = XCBuildConfiguration;
			buildSettings = {
				ASSETCATALOG_COMPILER_APPICON_NAME = AppIcon;
				ASSETCATALOG_COMPILER_GLOBAL_ACCENT_COLOR_NAME = AccentColor;
				CODE_SIGN_STYLE = Automatic;
				CURRENT_PROJECT_VERSION = 1;
				DEVELOPMENT_TEAM = 3YVZQM7H8H;
				GENERATE_INFOPLIST_FILE = YES;
				INFOPLIST_FILE = BoringBookingClient/Info.plist;
				INFOPLIST_KEY_UIApplicationSupportsIndirectInputEvents = YES;
				INFOPLIST_KEY_UILaunchStoryboardName = LaunchScreen;
				INFOPLIST_KEY_UISupportedInterfaceOrientations_iPad = "UIInterfaceOrientationPortrait UIInterfaceOrientationPortraitUpsideDown UIInterfaceOrientationLandscapeLeft UIInterfaceOrientationLandscapeRight";
				INFOPLIST_KEY_UISupportedInterfaceOrientations_iPhone = "UIInterfaceOrientationPortrait UIInterfaceOrientationLandscapeLeft UIInterfaceOrientationLandscapeRight";
				LD_RUNPATH_SEARCH_PATHS = (
					"$(inherited)",
					"@executable_path/Frameworks",
				);
				MARKETING_VERSION = 1.0;
				PRODUCT_BUNDLE_IDENTIFIER = "Blagoi-Software.BoringBookingClient";
				PRODUCT_NAME = "$(TARGET_NAME)";
				SWIFT_EMIT_LOC_STRINGS = YES;
				SWIFT_VERSION = 5.0;
				TARGETED_DEVICE_FAMILY = "1,2";
			};
			name = Release;
		};
/* End XCBuildConfiguration section */

/* Begin XCConfigurationList section */
		84D06669274FBFD7008DC8C4 /* Build configuration list for PBXProject "BoringBookingClient" */ = {
			isa = XCConfigurationList;
			buildConfigurations = (
				84D06680274FBFD9008DC8C4 /* Debug */,
				84D06681274FBFD9008DC8C4 /* Release */,
			);
			defaultConfigurationIsVisible = 0;
			defaultConfigurationName = Release;
		};
		84D06682274FBFD9008DC8C4 /* Build configuration list for PBXNativeTarget "BoringBookingClient" */ = {
			isa = XCConfigurationList;
			buildConfigurations = (
				84D06683274FBFD9008DC8C4 /* Debug */,
				84D06684274FBFD9008DC8C4 /* Release */,
			);
			defaultConfigurationIsVisible = 0;
			defaultConfigurationName = Release;
		};
/* End XCConfigurationList section */
	};
	rootObject = 84D06666274FBFD7008DC8C4 /* Project object */;
}
